
Microsoft Visual Studio Solution File, Format Version 12.00
# Visual Studio Version 17
VisualStudioVersion = 17.2.32616.157
MinimumVisualStudioVersion = 10.0.40219.1
Project("{FAE04EC0-301F-11D3-BF4B-00C04F79EFBC}") = "LeetCode", "LeetCode\LeetCode.csproj", "{8B19AB16-20F5-4086-A81D-424F3E772416}"
EndProject
Project("{FAE04EC0-301F-11D3-BF4B-00C04F79EFBC}") = "MinNumberDeci-BinaryNum", "MinNumberDeci-BinaryNum\MinNumberDeci-BinaryNum.csproj", "{7F7237E2-E49A-4BEB-8763-FF699E56E370}"
EndProject
Project("{FAE04EC0-301F-11D3-BF4B-00C04F79EFBC}") = "MinDeletionsMakeCharacterFrequencies", "MinDeletionsMakeCharacterFrequencies\MinDeletionsMakeCharacterFrequencies.csproj", "{FEF92C8A-FF0D-4C21-9BCD-F8CCF1E3D8F8}"
EndProject
Project("{FAE04EC0-301F-11D3-BF4B-00C04F79EFBC}") = "MinMovesEqualArrayElements", "MinMovesEqualArrayElements\MinMovesEqualArrayElements.csproj", "{1A267ECC-6C89-45DF-9A9F-B5EF0E474E72}"
EndProject
Project("{FAE04EC0-301F-11D3-BF4B-00C04F79EFBC}") = "MaximumUnitsTruck", "MaximumUnitsTruck\MaximumUnitsTruck.csproj", "{39BE67EF-5AEA-4CAB-828B-D0E093B93F99}"
EndProject
Project("{FAE04EC0-301F-11D3-BF4B-00C04F79EFBC}") = "MaxAreaofPieceofCake", "MaxAreaofPieceofCake\MaxAreaofPieceofCake.csproj", "{DAEA6CD6-F662-4E4D-BBCB-C1FEA2408387}"
EndProject
Project("{FAE04EC0-301F-11D3-BF4B-00C04F79EFBC}") = "WiggleSubsequence", "WiggleSubsequence\WiggleSubsequence.csproj", "{9F1EE81D-3C52-4C1E-AA81-183CCADA12DC}"
EndProject
Project("{FAE04EC0-301F-11D3-BF4B-00C04F79EFBC}") = "InterleavingString", "InterleavingString\InterleavingString.csproj", "{2087761F-E171-41CA-8D60-AFC27CB29A96}"
EndProject
Project("{FAE04EC0-301F-11D3-BF4B-00C04F79EFBC}") = "CountSmallerNumAfterSelf", "CountSmallerNumAfterSelf\CountSmallerNumAfterSelf.csproj", "{FD71B4DE-330A-46BA-9813-D56F6BD42DE3}"
EndProject
Project("{FAE04EC0-301F-11D3-BF4B-00C04F79EFBC}") = "Search2DMatrix", "Search2DMatrix\Search2DMatrix.csproj", "{7933CA67-4C87-4043-9D80-600A89DFAA24}"
EndProject
Project("{FAE04EC0-301F-11D3-BF4B-00C04F79EFBC}") = "First and Last Position of Element", "First and Last Position of Element\First and Last Position of Element.csproj", "{EB265E81-245B-476F-BCDB-81732A7FEF6F}"
EndProject
Project("{FAE04EC0-301F-11D3-BF4B-00C04F79EFBC}") = "WordSubsets", "WordSubsets\WordSubsets.csproj", "{CB236942-DB96-4104-9FAB-6BFBFB7D1996}"
EndProject
Project("{FAE04EC0-301F-11D3-BF4B-00C04F79EFBC}") = "RangeSumQuery", "RangeSumQuery\RangeSumQuery.csproj", "{2A027832-DCED-406B-B571-E4D4CE084251}"
EndProject
Project("{FAE04EC0-301F-11D3-BF4B-00C04F79EFBC}") = "Stydy", "Stydy\Stydy.csproj", "{F90C0C68-B5DC-40B4-A46C-B341E19AAC32}"
EndProject
Project("{FAE04EC0-301F-11D3-BF4B-00C04F79EFBC}") = "KthSmallestElement", "KthSmallestElement\KthSmallestElement.csproj", "{B8410692-E99A-4289-9773-B8ACBFD955FA}"
EndProject
Project("{FAE04EC0-301F-11D3-BF4B-00C04F79EFBC}") = "PalindromeLinkedList", "PalindromeLinkedList\PalindromeLinkedList.csproj", "{89EA1E85-0354-4305-BEBA-BFAE74656332}"
EndProject
Project("{FAE04EC0-301F-11D3-BF4B-00C04F79EFBC}") = "FindDuplicateFileInSystem", "FindDuplicateFileInSystem\FindDuplicateFileInSystem.csproj", "{0E21A137-FBF2-4EAC-A4A9-20AFD723695A}"
EndProject
Project("{FAE04EC0-301F-11D3-BF4B-00C04F79EFBC}") = "MaximumLengthofRepeatedSubarray", "MaximumLengthofRepeatedSubarray\MaximumLengthofRepeatedSubarray.csproj", "{330B58AE-15D2-4175-96A3-6309DE8EBF69}"
EndProject
Project("{9A19103F-16F7-4668-BE54-9A1E7A4F7556}") = "SumEvenNumbersAfterQueries", "SumEvenNumbersAfterQueries\SumEvenNumbersAfterQueries.csproj", "{1C849479-0AE2-487B-A6E7-C91BC8D5827C}"
EndProject
Project("{9A19103F-16F7-4668-BE54-9A1E7A4F7556}") = "MinTimeMakeRopeColorful", "MinTimeMakeRopeColorful\MinTimeMakeRopeColorful.csproj", "{415E7EF0-5207-4F97-8020-2952E54AF7A4}"
EndProject
Project("{FAE04EC0-301F-11D3-BF4B-00C04F79EFBC}") = "FirstBadVersion", "FirstBadVersion\FirstBadVersion.csproj", "{7F53DFF7-03CC-40E6-BF19-726504B92EAC}"
EndProject
Project("{9A19103F-16F7-4668-BE54-9A1E7A4F7556}") = "ValidPalindrome", "ValidPalindrome\ValidPalindrome.csproj", "{43219485-5C3C-4F84-BAF6-0CF4683AEADF}"
EndProject
Project("{9A19103F-16F7-4668-BE54-9A1E7A4F7556}") = "TopKFrequentWords", "TopKFrequentWords\TopKFrequentWords.csproj", "{AF91AAD0-A555-4F87-876B-B4FDE9A82C83}"
EndProject
Project("{9A19103F-16F7-4668-BE54-9A1E7A4F7556}") = "CheckTwoStringEquiv", "CheckTwoStringEquiv\CheckTwoStringEquiv.csproj", "{176C359D-4551-4CD9-818B-FB892974F984}"
EndProject
Project("{9A19103F-16F7-4668-BE54-9A1E7A4F7556}") = "ReverseVowelsString", "ReverseVowelsString\ReverseVowelsString.csproj", "{2978CBF9-EECA-4A0A-95EE-FB375FFA0BD7}"
EndProject
Project("{9A19103F-16F7-4668-BE54-9A1E7A4F7556}") = "Maximum69", "Maximum69\Maximum69.csproj", "{F81841C2-0229-441D-A568-AA2B52669090}"
EndProject
Project("{9A19103F-16F7-4668-BE54-9A1E7A4F7556}") = "RemoveAdjacentDuplicates", "RemoveAdjacentDuplicates\RemoveAdjacentDuplicates.csproj", "{FE487B78-44F9-4ED9-BB41-27F7A6CC4A7B}"
EndProject
Project("{9A19103F-16F7-4668-BE54-9A1E7A4F7556}") = "RemoveDuplicatesSortArray", "RemoveDuplicatesSortArray\RemoveDuplicatesSortArray.csproj", "{5FB10ECF-485E-496D-AA52-987599998DE6}"
EndProject
Project("{9A19103F-16F7-4668-BE54-9A1E7A4F7556}") = "Majority Element", "Majority Element\Majority Element.csproj", "{E51E631C-7CD8-4465-900B-3EE79C7DB79B}"
EndProject
Project("{9A19103F-16F7-4668-BE54-9A1E7A4F7556}") = "RemoveLetterToEqualizeFrequency", "RemoveLetterToEqualizeFrequency\RemoveLetterToEqualizeFrequency.csproj", "{22B7C72B-7990-42E2-BF01-DC566B78B340}"
EndProject
Project("{9A19103F-16F7-4668-BE54-9A1E7A4F7556}") = "DistributeMoneyMaxChildren", "DistributeMoneyMaxChildren\DistributeMoneyMaxChildren.csproj", "{6F960CE4-D578-4278-B1F0-2F077B949AAC}"
EndProject
Project("{9A19103F-16F7-4668-BE54-9A1E7A4F7556}") = "RotateArray", "RotateArray\RotateArray.csproj", "{99760B63-3B01-4A11-947F-A8A00530C904}"
EndProject
Project("{9A19103F-16F7-4668-BE54-9A1E7A4F7556}") = "BackspaceStringCompare", "BackspaceStringCompare\BackspaceStringCompare.csproj", "{51928EFA-C7A9-46A1-AA90-74A08F1A9D70}"
EndProject
Project("{9A19103F-16F7-4668-BE54-9A1E7A4F7556}") = "NumberofGoodPairs", "NumberofGoodPairs\NumberofGoodPairs.csproj", "{E56B191F-DF89-4AF6-A925-1EBD2C69F125}"
EndProject
Project("{9A19103F-16F7-4668-BE54-9A1E7A4F7556}") = "PowerofFour", "PowerofFour\PowerofFour.csproj", "{BDF35ED1-58F5-4CC7-9244-8D83CC6C169F}"
EndProject
Project("{9A19103F-16F7-4668-BE54-9A1E7A4F7556}") = "DetermineifStringHalvesAlike", "DetermineifStringHalvesAlike\DetermineifStringHalvesAlike.csproj", "{7236495D-8CC5-4B98-B6A2-527D72DB4270}"
EndProject
Project("{9A19103F-16F7-4668-BE54-9A1E7A4F7556}") = "ClimbingStairs", "ClimbingStairs\ClimbingStairs.csproj", "{D985283D-879B-4F8E-86B0-F9A9FC674B7F}"
EndProject
Project("{FAE04EC0-301F-11D3-BF4B-00C04F79EFBC}") = "MedianOfTwoSortedArrays", "MedianOfTwoSortedArrays\MedianOfTwoSortedArrays.csproj", "{98D867D1-5CE4-481A-8714-BCBDD80B0E9D}"
EndProject
Global
	GlobalSection(SolutionConfigurationPlatforms) = preSolution
		Debug|Any CPU = Debug|Any CPU
		Release|Any CPU = Release|Any CPU
	EndGlobalSection
	GlobalSection(ProjectConfigurationPlatforms) = postSolution
		{8B19AB16-20F5-4086-A81D-424F3E772416}.Debug|Any CPU.ActiveCfg = Debug|Any CPU
		{8B19AB16-20F5-4086-A81D-424F3E772416}.Debug|Any CPU.Build.0 = Debug|Any CPU
		{8B19AB16-20F5-4086-A81D-424F3E772416}.Release|Any CPU.ActiveCfg = Release|Any CPU
		{8B19AB16-20F5-4086-A81D-424F3E772416}.Release|Any CPU.Build.0 = Release|Any CPU
		{7F7237E2-E49A-4BEB-8763-FF699E56E370}.Debug|Any CPU.ActiveCfg = Debug|Any CPU
		{7F7237E2-E49A-4BEB-8763-FF699E56E370}.Debug|Any CPU.Build.0 = Debug|Any CPU
		{7F7237E2-E49A-4BEB-8763-FF699E56E370}.Release|Any CPU.ActiveCfg = Release|Any CPU
		{7F7237E2-E49A-4BEB-8763-FF699E56E370}.Release|Any CPU.Build.0 = Release|Any CPU
		{FEF92C8A-FF0D-4C21-9BCD-F8CCF1E3D8F8}.Debug|Any CPU.ActiveCfg = Debug|Any CPU
		{FEF92C8A-FF0D-4C21-9BCD-F8CCF1E3D8F8}.Debug|Any CPU.Build.0 = Debug|Any CPU
		{FEF92C8A-FF0D-4C21-9BCD-F8CCF1E3D8F8}.Release|Any CPU.ActiveCfg = Release|Any CPU
		{FEF92C8A-FF0D-4C21-9BCD-F8CCF1E3D8F8}.Release|Any CPU.Build.0 = Release|Any CPU
		{1A267ECC-6C89-45DF-9A9F-B5EF0E474E72}.Debug|Any CPU.ActiveCfg = Debug|Any CPU
		{1A267ECC-6C89-45DF-9A9F-B5EF0E474E72}.Debug|Any CPU.Build.0 = Debug|Any CPU
		{1A267ECC-6C89-45DF-9A9F-B5EF0E474E72}.Release|Any CPU.ActiveCfg = Release|Any CPU
		{1A267ECC-6C89-45DF-9A9F-B5EF0E474E72}.Release|Any CPU.Build.0 = Release|Any CPU
		{39BE67EF-5AEA-4CAB-828B-D0E093B93F99}.Debug|Any CPU.ActiveCfg = Debug|Any CPU
		{39BE67EF-5AEA-4CAB-828B-D0E093B93F99}.Debug|Any CPU.Build.0 = Debug|Any CPU
		{39BE67EF-5AEA-4CAB-828B-D0E093B93F99}.Release|Any CPU.ActiveCfg = Release|Any CPU
		{39BE67EF-5AEA-4CAB-828B-D0E093B93F99}.Release|Any CPU.Build.0 = Release|Any CPU
		{DAEA6CD6-F662-4E4D-BBCB-C1FEA2408387}.Debug|Any CPU.ActiveCfg = Debug|Any CPU
		{DAEA6CD6-F662-4E4D-BBCB-C1FEA2408387}.Debug|Any CPU.Build.0 = Debug|Any CPU
		{DAEA6CD6-F662-4E4D-BBCB-C1FEA2408387}.Release|Any CPU.ActiveCfg = Release|Any CPU
		{DAEA6CD6-F662-4E4D-BBCB-C1FEA2408387}.Release|Any CPU.Build.0 = Release|Any CPU
		{9F1EE81D-3C52-4C1E-AA81-183CCADA12DC}.Debug|Any CPU.ActiveCfg = Debug|Any CPU
		{9F1EE81D-3C52-4C1E-AA81-183CCADA12DC}.Debug|Any CPU.Build.0 = Debug|Any CPU
		{9F1EE81D-3C52-4C1E-AA81-183CCADA12DC}.Release|Any CPU.ActiveCfg = Release|Any CPU
		{9F1EE81D-3C52-4C1E-AA81-183CCADA12DC}.Release|Any CPU.Build.0 = Release|Any CPU
		{2087761F-E171-41CA-8D60-AFC27CB29A96}.Debug|Any CPU.ActiveCfg = Debug|Any CPU
		{2087761F-E171-41CA-8D60-AFC27CB29A96}.Debug|Any CPU.Build.0 = Debug|Any CPU
		{2087761F-E171-41CA-8D60-AFC27CB29A96}.Release|Any CPU.ActiveCfg = Release|Any CPU
		{2087761F-E171-41CA-8D60-AFC27CB29A96}.Release|Any CPU.Build.0 = Release|Any CPU
		{FD71B4DE-330A-46BA-9813-D56F6BD42DE3}.Debug|Any CPU.ActiveCfg = Debug|Any CPU
		{FD71B4DE-330A-46BA-9813-D56F6BD42DE3}.Debug|Any CPU.Build.0 = Debug|Any CPU
		{FD71B4DE-330A-46BA-9813-D56F6BD42DE3}.Release|Any CPU.ActiveCfg = Release|Any CPU
		{FD71B4DE-330A-46BA-9813-D56F6BD42DE3}.Release|Any CPU.Build.0 = Release|Any CPU
		{7933CA67-4C87-4043-9D80-600A89DFAA24}.Debug|Any CPU.ActiveCfg = Debug|Any CPU
		{7933CA67-4C87-4043-9D80-600A89DFAA24}.Debug|Any CPU.Build.0 = Debug|Any CPU
		{7933CA67-4C87-4043-9D80-600A89DFAA24}.Release|Any CPU.ActiveCfg = Release|Any CPU
		{7933CA67-4C87-4043-9D80-600A89DFAA24}.Release|Any CPU.Build.0 = Release|Any CPU
		{EB265E81-245B-476F-BCDB-81732A7FEF6F}.Debug|Any CPU.ActiveCfg = Debug|Any CPU
		{EB265E81-245B-476F-BCDB-81732A7FEF6F}.Debug|Any CPU.Build.0 = Debug|Any CPU
		{EB265E81-245B-476F-BCDB-81732A7FEF6F}.Release|Any CPU.ActiveCfg = Release|Any CPU
		{EB265E81-245B-476F-BCDB-81732A7FEF6F}.Release|Any CPU.Build.0 = Release|Any CPU
		{CB236942-DB96-4104-9FAB-6BFBFB7D1996}.Debug|Any CPU.ActiveCfg = Debug|Any CPU
		{CB236942-DB96-4104-9FAB-6BFBFB7D1996}.Debug|Any CPU.Build.0 = Debug|Any CPU
		{CB236942-DB96-4104-9FAB-6BFBFB7D1996}.Release|Any CPU.ActiveCfg = Release|Any CPU
		{CB236942-DB96-4104-9FAB-6BFBFB7D1996}.Release|Any CPU.Build.0 = Release|Any CPU
		{2A027832-DCED-406B-B571-E4D4CE084251}.Debug|Any CPU.ActiveCfg = Debug|Any CPU
		{2A027832-DCED-406B-B571-E4D4CE084251}.Debug|Any CPU.Build.0 = Debug|Any CPU
		{2A027832-DCED-406B-B571-E4D4CE084251}.Release|Any CPU.ActiveCfg = Release|Any CPU
		{2A027832-DCED-406B-B571-E4D4CE084251}.Release|Any CPU.Build.0 = Release|Any CPU
		{F90C0C68-B5DC-40B4-A46C-B341E19AAC32}.Debug|Any CPU.ActiveCfg = Debug|Any CPU
		{F90C0C68-B5DC-40B4-A46C-B341E19AAC32}.Debug|Any CPU.Build.0 = Debug|Any CPU
		{F90C0C68-B5DC-40B4-A46C-B341E19AAC32}.Release|Any CPU.ActiveCfg = Release|Any CPU
		{F90C0C68-B5DC-40B4-A46C-B341E19AAC32}.Release|Any CPU.Build.0 = Release|Any CPU
		{B8410692-E99A-4289-9773-B8ACBFD955FA}.Debug|Any CPU.ActiveCfg = Debug|Any CPU
		{B8410692-E99A-4289-9773-B8ACBFD955FA}.Debug|Any CPU.Build.0 = Debug|Any CPU
		{B8410692-E99A-4289-9773-B8ACBFD955FA}.Release|Any CPU.ActiveCfg = Release|Any CPU
		{B8410692-E99A-4289-9773-B8ACBFD955FA}.Release|Any CPU.Build.0 = Release|Any CPU
		{89EA1E85-0354-4305-BEBA-BFAE74656332}.Debug|Any CPU.ActiveCfg = Debug|Any CPU
		{89EA1E85-0354-4305-BEBA-BFAE74656332}.Debug|Any CPU.Build.0 = Debug|Any CPU
		{89EA1E85-0354-4305-BEBA-BFAE74656332}.Release|Any CPU.ActiveCfg = Release|Any CPU
		{89EA1E85-0354-4305-BEBA-BFAE74656332}.Release|Any CPU.Build.0 = Release|Any CPU
		{0E21A137-FBF2-4EAC-A4A9-20AFD723695A}.Debug|Any CPU.ActiveCfg = Debug|Any CPU
		{0E21A137-FBF2-4EAC-A4A9-20AFD723695A}.Debug|Any CPU.Build.0 = Debug|Any CPU
		{0E21A137-FBF2-4EAC-A4A9-20AFD723695A}.Release|Any CPU.ActiveCfg = Release|Any CPU
		{0E21A137-FBF2-4EAC-A4A9-20AFD723695A}.Release|Any CPU.Build.0 = Release|Any CPU
		{330B58AE-15D2-4175-96A3-6309DE8EBF69}.Debug|Any CPU.ActiveCfg = Debug|Any CPU
		{330B58AE-15D2-4175-96A3-6309DE8EBF69}.Debug|Any CPU.Build.0 = Debug|Any CPU
		{330B58AE-15D2-4175-96A3-6309DE8EBF69}.Release|Any CPU.ActiveCfg = Release|Any CPU
		{330B58AE-15D2-4175-96A3-6309DE8EBF69}.Release|Any CPU.Build.0 = Release|Any CPU
		{1C849479-0AE2-487B-A6E7-C91BC8D5827C}.Debug|Any CPU.ActiveCfg = Debug|Any CPU
		{1C849479-0AE2-487B-A6E7-C91BC8D5827C}.Debug|Any CPU.Build.0 = Debug|Any CPU
		{1C849479-0AE2-487B-A6E7-C91BC8D5827C}.Release|Any CPU.ActiveCfg = Release|Any CPU
		{1C849479-0AE2-487B-A6E7-C91BC8D5827C}.Release|Any CPU.Build.0 = Release|Any CPU
		{415E7EF0-5207-4F97-8020-2952E54AF7A4}.Debug|Any CPU.ActiveCfg = Debug|Any CPU
		{415E7EF0-5207-4F97-8020-2952E54AF7A4}.Debug|Any CPU.Build.0 = Debug|Any CPU
		{415E7EF0-5207-4F97-8020-2952E54AF7A4}.Release|Any CPU.ActiveCfg = Release|Any CPU
		{415E7EF0-5207-4F97-8020-2952E54AF7A4}.Release|Any CPU.Build.0 = Release|Any CPU
		{7F53DFF7-03CC-40E6-BF19-726504B92EAC}.Debug|Any CPU.ActiveCfg = Debug|Any CPU
		{7F53DFF7-03CC-40E6-BF19-726504B92EAC}.Debug|Any CPU.Build.0 = Debug|Any CPU
		{7F53DFF7-03CC-40E6-BF19-726504B92EAC}.Release|Any CPU.ActiveCfg = Release|Any CPU
		{7F53DFF7-03CC-40E6-BF19-726504B92EAC}.Release|Any CPU.Build.0 = Release|Any CPU
		{43219485-5C3C-4F84-BAF6-0CF4683AEADF}.Debug|Any CPU.ActiveCfg = Debug|Any CPU
		{43219485-5C3C-4F84-BAF6-0CF4683AEADF}.Debug|Any CPU.Build.0 = Debug|Any CPU
		{43219485-5C3C-4F84-BAF6-0CF4683AEADF}.Release|Any CPU.ActiveCfg = Release|Any CPU
		{43219485-5C3C-4F84-BAF6-0CF4683AEADF}.Release|Any CPU.Build.0 = Release|Any CPU
		{AF91AAD0-A555-4F87-876B-B4FDE9A82C83}.Debug|Any CPU.ActiveCfg = Debug|Any CPU
		{AF91AAD0-A555-4F87-876B-B4FDE9A82C83}.Debug|Any CPU.Build.0 = Debug|Any CPU
		{AF91AAD0-A555-4F87-876B-B4FDE9A82C83}.Release|Any CPU.ActiveCfg = Release|Any CPU
		{AF91AAD0-A555-4F87-876B-B4FDE9A82C83}.Release|Any CPU.Build.0 = Release|Any CPU
		{176C359D-4551-4CD9-818B-FB892974F984}.Debug|Any CPU.ActiveCfg = Debug|Any CPU
		{176C359D-4551-4CD9-818B-FB892974F984}.Debug|Any CPU.Build.0 = Debug|Any CPU
		{176C359D-4551-4CD9-818B-FB892974F984}.Release|Any CPU.ActiveCfg = Release|Any CPU
		{176C359D-4551-4CD9-818B-FB892974F984}.Release|Any CPU.Build.0 = Release|Any CPU
		{2978CBF9-EECA-4A0A-95EE-FB375FFA0BD7}.Debug|Any CPU.ActiveCfg = Debug|Any CPU
		{2978CBF9-EECA-4A0A-95EE-FB375FFA0BD7}.Debug|Any CPU.Build.0 = Debug|Any CPU
		{2978CBF9-EECA-4A0A-95EE-FB375FFA0BD7}.Release|Any CPU.ActiveCfg = Release|Any CPU
		{2978CBF9-EECA-4A0A-95EE-FB375FFA0BD7}.Release|Any CPU.Build.0 = Release|Any CPU
		{F81841C2-0229-441D-A568-AA2B52669090}.Debug|Any CPU.ActiveCfg = Debug|Any CPU
		{F81841C2-0229-441D-A568-AA2B52669090}.Debug|Any CPU.Build.0 = Debug|Any CPU
		{F81841C2-0229-441D-A568-AA2B52669090}.Release|Any CPU.ActiveCfg = Release|Any CPU
		{F81841C2-0229-441D-A568-AA2B52669090}.Release|Any CPU.Build.0 = Release|Any CPU
		{FE487B78-44F9-4ED9-BB41-27F7A6CC4A7B}.Debug|Any CPU.ActiveCfg = Debug|Any CPU
		{FE487B78-44F9-4ED9-BB41-27F7A6CC4A7B}.Debug|Any CPU.Build.0 = Debug|Any CPU
		{FE487B78-44F9-4ED9-BB41-27F7A6CC4A7B}.Release|Any CPU.ActiveCfg = Release|Any CPU
		{FE487B78-44F9-4ED9-BB41-27F7A6CC4A7B}.Release|Any CPU.Build.0 = Release|Any CPU
		{5FB10ECF-485E-496D-AA52-987599998DE6}.Debug|Any CPU.ActiveCfg = Debug|Any CPU
		{5FB10ECF-485E-496D-AA52-987599998DE6}.Debug|Any CPU.Build.0 = Debug|Any CPU
		{5FB10ECF-485E-496D-AA52-987599998DE6}.Release|Any CPU.ActiveCfg = Release|Any CPU
		{5FB10ECF-485E-496D-AA52-987599998DE6}.Release|Any CPU.Build.0 = Release|Any CPU
		{E51E631C-7CD8-4465-900B-3EE79C7DB79B}.Debug|Any CPU.ActiveCfg = Debug|Any CPU
		{E51E631C-7CD8-4465-900B-3EE79C7DB79B}.Debug|Any CPU.Build.0 = Debug|Any CPU
		{E51E631C-7CD8-4465-900B-3EE79C7DB79B}.Release|Any CPU.ActiveCfg = Release|Any CPU
		{E51E631C-7CD8-4465-900B-3EE79C7DB79B}.Release|Any CPU.Build.0 = Release|Any CPU
		{22B7C72B-7990-42E2-BF01-DC566B78B340}.Debug|Any CPU.ActiveCfg = Debug|Any CPU
		{22B7C72B-7990-42E2-BF01-DC566B78B340}.Debug|Any CPU.Build.0 = Debug|Any CPU
		{22B7C72B-7990-42E2-BF01-DC566B78B340}.Release|Any CPU.ActiveCfg = Release|Any CPU
		{22B7C72B-7990-42E2-BF01-DC566B78B340}.Release|Any CPU.Build.0 = Release|Any CPU
		{6F960CE4-D578-4278-B1F0-2F077B949AAC}.Debug|Any CPU.ActiveCfg = Debug|Any CPU
		{6F960CE4-D578-4278-B1F0-2F077B949AAC}.Debug|Any CPU.Build.0 = Debug|Any CPU
		{6F960CE4-D578-4278-B1F0-2F077B949AAC}.Release|Any CPU.ActiveCfg = Release|Any CPU
		{6F960CE4-D578-4278-B1F0-2F077B949AAC}.Release|Any CPU.Build.0 = Release|Any CPU
		{99760B63-3B01-4A11-947F-A8A00530C904}.Debug|Any CPU.ActiveCfg = Debug|Any CPU
		{99760B63-3B01-4A11-947F-A8A00530C904}.Debug|Any CPU.Build.0 = Debug|Any CPU
		{99760B63-3B01-4A11-947F-A8A00530C904}.Release|Any CPU.ActiveCfg = Release|Any CPU
		{99760B63-3B01-4A11-947F-A8A00530C904}.Release|Any CPU.Build.0 = Release|Any CPU
		{51928EFA-C7A9-46A1-AA90-74A08F1A9D70}.Debug|Any CPU.ActiveCfg = Debug|Any CPU
		{51928EFA-C7A9-46A1-AA90-74A08F1A9D70}.Debug|Any CPU.Build.0 = Debug|Any CPU
		{51928EFA-C7A9-46A1-AA90-74A08F1A9D70}.Release|Any CPU.ActiveCfg = Release|Any CPU
		{51928EFA-C7A9-46A1-AA90-74A08F1A9D70}.Release|Any CPU.Build.0 = Release|Any CPU
		{E56B191F-DF89-4AF6-A925-1EBD2C69F125}.Debug|Any CPU.ActiveCfg = Debug|Any CPU
		{E56B191F-DF89-4AF6-A925-1EBD2C69F125}.Debug|Any CPU.Build.0 = Debug|Any CPU
		{E56B191F-DF89-4AF6-A925-1EBD2C69F125}.Release|Any CPU.ActiveCfg = Release|Any CPU
		{E56B191F-DF89-4AF6-A925-1EBD2C69F125}.Release|Any CPU.Build.0 = Release|Any CPU
		{BDF35ED1-58F5-4CC7-9244-8D83CC6C169F}.Debug|Any CPU.ActiveCfg = Debug|Any CPU
		{BDF35ED1-58F5-4CC7-9244-8D83CC6C169F}.Debug|Any CPU.Build.0 = Debug|Any CPU
		{BDF35ED1-58F5-4CC7-9244-8D83CC6C169F}.Release|Any CPU.ActiveCfg = Release|Any CPU
		{BDF35ED1-58F5-4CC7-9244-8D83CC6C169F}.Release|Any CPU.Build.0 = Release|Any CPU
		{7236495D-8CC5-4B98-B6A2-527D72DB4270}.Debug|Any CPU.ActiveCfg = Debug|Any CPU
		{7236495D-8CC5-4B98-B6A2-527D72DB4270}.Debug|Any CPU.Build.0 = Debug|Any CPU
		{7236495D-8CC5-4B98-B6A2-527D72DB4270}.Release|Any CPU.ActiveCfg = Release|Any CPU
		{7236495D-8CC5-4B98-B6A2-527D72DB4270}.Release|Any CPU.Build.0 = Release|Any CPU
		{D985283D-879B-4F8E-86B0-F9A9FC674B7F}.Debug|Any CPU.ActiveCfg = Debug|Any CPU
		{D985283D-879B-4F8E-86B0-F9A9FC674B7F}.Debug|Any CPU.Build.0 = Debug|Any CPU
		{D985283D-879B-4F8E-86B0-F9A9FC674B7F}.Release|Any CPU.ActiveCfg = Release|Any CPU
		{D985283D-879B-4F8E-86B0-F9A9FC674B7F}.Release|Any CPU.Build.0 = Release|Any CPU
		{98D867D1-5CE4-481A-8714-BCBDD80B0E9D}.Debug|Any CPU.ActiveCfg = Debug|Any CPU
		{98D867D1-5CE4-481A-8714-BCBDD80B0E9D}.Debug|Any CPU.Build.0 = Debug|Any CPU
		{98D867D1-5CE4-481A-8714-BCBDD80B0E9D}.Release|Any CPU.ActiveCfg = Release|Any CPU
		{98D867D1-5CE4-481A-8714-BCBDD80B0E9D}.Release|Any CPU.Build.0 = Release|Any CPU
	EndGlobalSection
	GlobalSection(SolutionProperties) = preSolution
		HideSolutionNode = FALSE
	EndGlobalSection
	GlobalSection(ExtensibilityGlobals) = postSolution
		SolutionGuid = {DF83ADB5-1A0E-4AA3-A4E8-2BA116AA1092}
	EndGlobalSection
EndGlobal
