
Microsoft Visual Studio Solution File, Format Version 12.00
# Visual Studio Version 17
VisualStudioVersion = 17.2.32616.157
MinimumVisualStudioVersion = 10.0.40219.1
Project("{FAE04EC0-301F-11D3-BF4B-00C04F79EFBC}") = "LeetCode", "LeetCode\LeetCode.csproj", "{8B19AB16-20F5-4086-A81D-424F3E772416}"
EndProject
Project("{FAE04EC0-301F-11D3-BF4B-00C04F79EFBC}") = "MinNumberDeci-BinaryNum", "MinNumberDeci-BinaryNum\MinNumberDeci-BinaryNum.csproj", "{7F7237E2-E49A-4BEB-8763-FF699E56E370}"
EndProject
Project("{FAE04EC0-301F-11D3-BF4B-00C04F79EFBC}") = "MinDeletionsMakeCharacterFrequencies", "MinDeletionsMakeCharacterFrequencies\MinDeletionsMakeCharacterFrequencies.csproj", "{FEF92C8A-FF0D-4C21-9BCD-F8CCF1E3D8F8}"
EndProject
Project("{FAE04EC0-301F-11D3-BF4B-00C04F79EFBC}") = "MinMovesEqualArrayElements", "MinMovesEqualArrayElements\MinMovesEqualArrayElements.csproj", "{1A267ECC-6C89-45DF-9A9F-B5EF0E474E72}"
EndProject
Project("{FAE04EC0-301F-11D3-BF4B-00C04F79EFBC}") = "MaximumUnitsTruck", "MaximumUnitsTruck\MaximumUnitsTruck.csproj", "{39BE67EF-5AEA-4CAB-828B-D0E093B93F99}"
EndProject
Project("{FAE04EC0-301F-11D3-BF4B-00C04F79EFBC}") = "MaxAreaofPieceofCake", "MaxAreaofPieceofCake\MaxAreaofPieceofCake.csproj", "{DAEA6CD6-F662-4E4D-BBCB-C1FEA2408387}"
EndProject
Project("{FAE04EC0-301F-11D3-BF4B-00C04F79EFBC}") = "WiggleSubsequence", "WiggleSubsequence\WiggleSubsequence.csproj", "{9F1EE81D-3C52-4C1E-AA81-183CCADA12DC}"
EndProject
Project("{FAE04EC0-301F-11D3-BF4B-00C04F79EFBC}") = "InterleavingString", "InterleavingString\InterleavingString.csproj", "{2087761F-E171-41CA-8D60-AFC27CB29A96}"
EndProject
Project("{FAE04EC0-301F-11D3-BF4B-00C04F79EFBC}") = "CountSmallerNumAfterSelf", "CountSmallerNumAfterSelf\CountSmallerNumAfterSelf.csproj", "{FD71B4DE-330A-46BA-9813-D56F6BD42DE3}"
EndProject
Project("{FAE04EC0-301F-11D3-BF4B-00C04F79EFBC}") = "Search2DMatrix", "Search2DMatrix\Search2DMatrix.csproj", "{7933CA67-4C87-4043-9D80-600A89DFAA24}"
EndProject
Project("{FAE04EC0-301F-11D3-BF4B-00C04F79EFBC}") = "First and Last Position of Element", "First and Last Position of Element\First and Last Position of Element.csproj", "{EB265E81-245B-476F-BCDB-81732A7FEF6F}"
EndProject
Project("{FAE04EC0-301F-11D3-BF4B-00C04F79EFBC}") = "WordSubsets", "WordSubsets\WordSubsets.csproj", "{CB236942-DB96-4104-9FAB-6BFBFB7D1996}"
EndProject
Project("{FAE04EC0-301F-11D3-BF4B-00C04F79EFBC}") = "RangeSumQuery", "RangeSumQuery\RangeSumQuery.csproj", "{2A027832-DCED-406B-B571-E4D4CE084251}"
EndProject
Project("{FAE04EC0-301F-11D3-BF4B-00C04F79EFBC}") = "Stydy", "Stydy\Stydy.csproj", "{F90C0C68-B5DC-40B4-A46C-B341E19AAC32}"
EndProject
Project("{FAE04EC0-301F-11D3-BF4B-00C04F79EFBC}") = "KthSmallestElement", "KthSmallestElement\KthSmallestElement.csproj", "{B8410692-E99A-4289-9773-B8ACBFD955FA}"
EndProject
Project("{FAE04EC0-301F-11D3-BF4B-00C04F79EFBC}") = "PalindromeLinkedList", "PalindromeLinkedList\PalindromeLinkedList.csproj", "{89EA1E85-0354-4305-BEBA-BFAE74656332}"
EndProject
Project("{FAE04EC0-301F-11D3-BF4B-00C04F79EFBC}") = "FindDuplicateFileInSystem", "FindDuplicateFileInSystem\FindDuplicateFileInSystem.csproj", "{0E21A137-FBF2-4EAC-A4A9-20AFD723695A}"
EndProject
Project("{FAE04EC0-301F-11D3-BF4B-00C04F79EFBC}") = "MaximumLengthofRepeatedSubarray", "MaximumLengthofRepeatedSubarray\MaximumLengthofRepeatedSubarray.csproj", "{330B58AE-15D2-4175-96A3-6309DE8EBF69}"
EndProject
Project("{9A19103F-16F7-4668-BE54-9A1E7A4F7556}") = "SumEvenNumbersAfterQueries", "SumEvenNumbersAfterQueries\SumEvenNumbersAfterQueries.csproj", "{1C849479-0AE2-487B-A6E7-C91BC8D5827C}"
EndProject
Project("{FAE04EC0-301F-11D3-BF4B-00C04F79EFBC}") = "MinTimeMakeRopeColorful", "MinTimeMakeRopeColorful\MinTimeMakeRopeColorful.csproj", "{415E7EF0-5207-4F97-8020-2952E54AF7A4}"
EndProject
Project("{FAE04EC0-301F-11D3-BF4B-00C04F79EFBC}") = "FirstBadVersion", "FirstBadVersion\FirstBadVersion.csproj", "{7F53DFF7-03CC-40E6-BF19-726504B92EAC}"
EndProject
Project("{FAE04EC0-301F-11D3-BF4B-00C04F79EFBC}") = "ValidPalindrome", "ValidPalindrome\ValidPalindrome.csproj", "{43219485-5C3C-4F84-BAF6-0CF4683AEADF}"
EndProject
Project("{FAE04EC0-301F-11D3-BF4B-00C04F79EFBC}") = "TopKFrequentWords", "TopKFrequentWords\TopKFrequentWords.csproj", "{AF91AAD0-A555-4F87-876B-B4FDE9A82C83}"
EndProject
Project("{FAE04EC0-301F-11D3-BF4B-00C04F79EFBC}") = "CheckTwoStringEquiv", "CheckTwoStringEquiv\CheckTwoStringEquiv.csproj", "{176C359D-4551-4CD9-818B-FB892974F984}"
EndProject
Project("{FAE04EC0-301F-11D3-BF4B-00C04F79EFBC}") = "ReverseVowelsString", "ReverseVowelsString\ReverseVowelsString.csproj", "{2978CBF9-EECA-4A0A-95EE-FB375FFA0BD7}"
EndProject
Global
	GlobalSection(SolutionConfigurationPlatforms) = preSolution
		Debug|Any CPU = Debug|Any CPU
		Release|Any CPU = Release|Any CPU
	EndGlobalSection
	GlobalSection(ProjectConfigurationPlatforms) = postSolution
		{8B19AB16-20F5-4086-A81D-424F3E772416}.Debug|Any CPU.ActiveCfg = Debug|Any CPU
		{8B19AB16-20F5-4086-A81D-424F3E772416}.Debug|Any CPU.Build.0 = Debug|Any CPU
		{8B19AB16-20F5-4086-A81D-424F3E772416}.Release|Any CPU.ActiveCfg = Release|Any CPU
		{8B19AB16-20F5-4086-A81D-424F3E772416}.Release|Any CPU.Build.0 = Release|Any CPU
		{7F7237E2-E49A-4BEB-8763-FF699E56E370}.Debug|Any CPU.ActiveCfg = Debug|Any CPU
		{7F7237E2-E49A-4BEB-8763-FF699E56E370}.Debug|Any CPU.Build.0 = Debug|Any CPU
		{7F7237E2-E49A-4BEB-8763-FF699E56E370}.Release|Any CPU.ActiveCfg = Release|Any CPU
		{7F7237E2-E49A-4BEB-8763-FF699E56E370}.Release|Any CPU.Build.0 = Release|Any CPU
		{FEF92C8A-FF0D-4C21-9BCD-F8CCF1E3D8F8}.Debug|Any CPU.ActiveCfg = Debug|Any CPU
		{FEF92C8A-FF0D-4C21-9BCD-F8CCF1E3D8F8}.Debug|Any CPU.Build.0 = Debug|Any CPU
		{FEF92C8A-FF0D-4C21-9BCD-F8CCF1E3D8F8}.Release|Any CPU.ActiveCfg = Release|Any CPU
		{FEF92C8A-FF0D-4C21-9BCD-F8CCF1E3D8F8}.Release|Any CPU.Build.0 = Release|Any CPU
		{1A267ECC-6C89-45DF-9A9F-B5EF0E474E72}.Debug|Any CPU.ActiveCfg = Debug|Any CPU
		{1A267ECC-6C89-45DF-9A9F-B5EF0E474E72}.Debug|Any CPU.Build.0 = Debug|Any CPU
		{1A267ECC-6C89-45DF-9A9F-B5EF0E474E72}.Release|Any CPU.ActiveCfg = Release|Any CPU
		{1A267ECC-6C89-45DF-9A9F-B5EF0E474E72}.Release|Any CPU.Build.0 = Release|Any CPU
		{39BE67EF-5AEA-4CAB-828B-D0E093B93F99}.Debug|Any CPU.ActiveCfg = Debug|Any CPU
		{39BE67EF-5AEA-4CAB-828B-D0E093B93F99}.Debug|Any CPU.Build.0 = Debug|Any CPU
		{39BE67EF-5AEA-4CAB-828B-D0E093B93F99}.Release|Any CPU.ActiveCfg = Release|Any CPU
		{39BE67EF-5AEA-4CAB-828B-D0E093B93F99}.Release|Any CPU.Build.0 = Release|Any CPU
		{DAEA6CD6-F662-4E4D-BBCB-C1FEA2408387}.Debug|Any CPU.ActiveCfg = Debug|Any CPU
		{DAEA6CD6-F662-4E4D-BBCB-C1FEA2408387}.Debug|Any CPU.Build.0 = Debug|Any CPU
		{DAEA6CD6-F662-4E4D-BBCB-C1FEA2408387}.Release|Any CPU.ActiveCfg = Release|Any CPU
		{DAEA6CD6-F662-4E4D-BBCB-C1FEA2408387}.Release|Any CPU.Build.0 = Release|Any CPU
		{9F1EE81D-3C52-4C1E-AA81-183CCADA12DC}.Debug|Any CPU.ActiveCfg = Debug|Any CPU
		{9F1EE81D-3C52-4C1E-AA81-183CCADA12DC}.Debug|Any CPU.Build.0 = Debug|Any CPU
		{9F1EE81D-3C52-4C1E-AA81-183CCADA12DC}.Release|Any CPU.ActiveCfg = Release|Any CPU
		{9F1EE81D-3C52-4C1E-AA81-183CCADA12DC}.Release|Any CPU.Build.0 = Release|Any CPU
		{2087761F-E171-41CA-8D60-AFC27CB29A96}.Debug|Any CPU.ActiveCfg = Debug|Any CPU
		{2087761F-E171-41CA-8D60-AFC27CB29A96}.Debug|Any CPU.Build.0 = Debug|Any CPU
		{2087761F-E171-41CA-8D60-AFC27CB29A96}.Release|Any CPU.ActiveCfg = Release|Any CPU
		{2087761F-E171-41CA-8D60-AFC27CB29A96}.Release|Any CPU.Build.0 = Release|Any CPU
		{FD71B4DE-330A-46BA-9813-D56F6BD42DE3}.Debug|Any CPU.ActiveCfg = Debug|Any CPU
		{FD71B4DE-330A-46BA-9813-D56F6BD42DE3}.Debug|Any CPU.Build.0 = Debug|Any CPU
		{FD71B4DE-330A-46BA-9813-D56F6BD42DE3}.Release|Any CPU.ActiveCfg = Release|Any CPU
		{FD71B4DE-330A-46BA-9813-D56F6BD42DE3}.Release|Any CPU.Build.0 = Release|Any CPU
		{7933CA67-4C87-4043-9D80-600A89DFAA24}.Debug|Any CPU.ActiveCfg = Debug|Any CPU
		{7933CA67-4C87-4043-9D80-600A89DFAA24}.Debug|Any CPU.Build.0 = Debug|Any CPU
		{7933CA67-4C87-4043-9D80-600A89DFAA24}.Release|Any CPU.ActiveCfg = Release|Any CPU
		{7933CA67-4C87-4043-9D80-600A89DFAA24}.Release|Any CPU.Build.0 = Release|Any CPU
		{EB265E81-245B-476F-BCDB-81732A7FEF6F}.Debug|Any CPU.ActiveCfg = Debug|Any CPU
		{EB265E81-245B-476F-BCDB-81732A7FEF6F}.Debug|Any CPU.Build.0 = Debug|Any CPU
		{EB265E81-245B-476F-BCDB-81732A7FEF6F}.Release|Any CPU.ActiveCfg = Release|Any CPU
		{EB265E81-245B-476F-BCDB-81732A7FEF6F}.Release|Any CPU.Build.0 = Release|Any CPU
		{CB236942-DB96-4104-9FAB-6BFBFB7D1996}.Debug|Any CPU.ActiveCfg = Debug|Any CPU
		{CB236942-DB96-4104-9FAB-6BFBFB7D1996}.Debug|Any CPU.Build.0 = Debug|Any CPU
		{CB236942-DB96-4104-9FAB-6BFBFB7D1996}.Release|Any CPU.ActiveCfg = Release|Any CPU
		{CB236942-DB96-4104-9FAB-6BFBFB7D1996}.Release|Any CPU.Build.0 = Release|Any CPU
		{2A027832-DCED-406B-B571-E4D4CE084251}.Debug|Any CPU.ActiveCfg = Debug|Any CPU
		{2A027832-DCED-406B-B571-E4D4CE084251}.Debug|Any CPU.Build.0 = Debug|Any CPU
		{2A027832-DCED-406B-B571-E4D4CE084251}.Release|Any CPU.ActiveCfg = Release|Any CPU
		{2A027832-DCED-406B-B571-E4D4CE084251}.Release|Any CPU.Build.0 = Release|Any CPU
		{F90C0C68-B5DC-40B4-A46C-B341E19AAC32}.Debug|Any CPU.ActiveCfg = Debug|Any CPU
		{F90C0C68-B5DC-40B4-A46C-B341E19AAC32}.Debug|Any CPU.Build.0 = Debug|Any CPU
		{F90C0C68-B5DC-40B4-A46C-B341E19AAC32}.Release|Any CPU.ActiveCfg = Release|Any CPU
		{F90C0C68-B5DC-40B4-A46C-B341E19AAC32}.Release|Any CPU.Build.0 = Release|Any CPU
		{B8410692-E99A-4289-9773-B8ACBFD955FA}.Debug|Any CPU.ActiveCfg = Debug|Any CPU
		{B8410692-E99A-4289-9773-B8ACBFD955FA}.Debug|Any CPU.Build.0 = Debug|Any CPU
		{B8410692-E99A-4289-9773-B8ACBFD955FA}.Release|Any CPU.ActiveCfg = Release|Any CPU
		{B8410692-E99A-4289-9773-B8ACBFD955FA}.Release|Any CPU.Build.0 = Release|Any CPU
		{89EA1E85-0354-4305-BEBA-BFAE74656332}.Debug|Any CPU.ActiveCfg = Debug|Any CPU
		{89EA1E85-0354-4305-BEBA-BFAE74656332}.Debug|Any CPU.Build.0 = Debug|Any CPU
		{89EA1E85-0354-4305-BEBA-BFAE74656332}.Release|Any CPU.ActiveCfg = Release|Any CPU
		{89EA1E85-0354-4305-BEBA-BFAE74656332}.Release|Any CPU.Build.0 = Release|Any CPU
		{0E21A137-FBF2-4EAC-A4A9-20AFD723695A}.Debug|Any CPU.ActiveCfg = Debug|Any CPU
		{0E21A137-FBF2-4EAC-A4A9-20AFD723695A}.Debug|Any CPU.Build.0 = Debug|Any CPU
		{0E21A137-FBF2-4EAC-A4A9-20AFD723695A}.Release|Any CPU.ActiveCfg = Release|Any CPU
		{0E21A137-FBF2-4EAC-A4A9-20AFD723695A}.Release|Any CPU.Build.0 = Release|Any CPU
		{330B58AE-15D2-4175-96A3-6309DE8EBF69}.Debug|Any CPU.ActiveCfg = Debug|Any CPU
		{330B58AE-15D2-4175-96A3-6309DE8EBF69}.Debug|Any CPU.Build.0 = Debug|Any CPU
		{330B58AE-15D2-4175-96A3-6309DE8EBF69}.Release|Any CPU.ActiveCfg = Release|Any CPU
		{330B58AE-15D2-4175-96A3-6309DE8EBF69}.Release|Any CPU.Build.0 = Release|Any CPU
		{1C849479-0AE2-487B-A6E7-C91BC8D5827C}.Debug|Any CPU.ActiveCfg = Debug|Any CPU
		{1C849479-0AE2-487B-A6E7-C91BC8D5827C}.Debug|Any CPU.Build.0 = Debug|Any CPU
		{1C849479-0AE2-487B-A6E7-C91BC8D5827C}.Release|Any CPU.ActiveCfg = Release|Any CPU
		{1C849479-0AE2-487B-A6E7-C91BC8D5827C}.Release|Any CPU.Build.0 = Release|Any CPU
		{415E7EF0-5207-4F97-8020-2952E54AF7A4}.Debug|Any CPU.ActiveCfg = Debug|Any CPU
		{415E7EF0-5207-4F97-8020-2952E54AF7A4}.Debug|Any CPU.Build.0 = Debug|Any CPU
		{415E7EF0-5207-4F97-8020-2952E54AF7A4}.Release|Any CPU.ActiveCfg = Release|Any CPU
		{415E7EF0-5207-4F97-8020-2952E54AF7A4}.Release|Any CPU.Build.0 = Release|Any CPU
		{7F53DFF7-03CC-40E6-BF19-726504B92EAC}.Debug|Any CPU.ActiveCfg = Debug|Any CPU
		{7F53DFF7-03CC-40E6-BF19-726504B92EAC}.Debug|Any CPU.Build.0 = Debug|Any CPU
		{7F53DFF7-03CC-40E6-BF19-726504B92EAC}.Release|Any CPU.ActiveCfg = Release|Any CPU
		{7F53DFF7-03CC-40E6-BF19-726504B92EAC}.Release|Any CPU.Build.0 = Release|Any CPU
		{43219485-5C3C-4F84-BAF6-0CF4683AEADF}.Debug|Any CPU.ActiveCfg = Debug|Any CPU
		{43219485-5C3C-4F84-BAF6-0CF4683AEADF}.Debug|Any CPU.Build.0 = Debug|Any CPU
		{43219485-5C3C-4F84-BAF6-0CF4683AEADF}.Release|Any CPU.ActiveCfg = Release|Any CPU
		{43219485-5C3C-4F84-BAF6-0CF4683AEADF}.Release|Any CPU.Build.0 = Release|Any CPU
		{AF91AAD0-A555-4F87-876B-B4FDE9A82C83}.Debug|Any CPU.ActiveCfg = Debug|Any CPU
		{AF91AAD0-A555-4F87-876B-B4FDE9A82C83}.Debug|Any CPU.Build.0 = Debug|Any CPU
		{AF91AAD0-A555-4F87-876B-B4FDE9A82C83}.Release|Any CPU.ActiveCfg = Release|Any CPU
		{AF91AAD0-A555-4F87-876B-B4FDE9A82C83}.Release|Any CPU.Build.0 = Release|Any CPU
		{176C359D-4551-4CD9-818B-FB892974F984}.Debug|Any CPU.ActiveCfg = Debug|Any CPU
		{176C359D-4551-4CD9-818B-FB892974F984}.Debug|Any CPU.Build.0 = Debug|Any CPU
		{176C359D-4551-4CD9-818B-FB892974F984}.Release|Any CPU.ActiveCfg = Release|Any CPU
		{176C359D-4551-4CD9-818B-FB892974F984}.Release|Any CPU.Build.0 = Release|Any CPU
		{2978CBF9-EECA-4A0A-95EE-FB375FFA0BD7}.Debug|Any CPU.ActiveCfg = Debug|Any CPU
		{2978CBF9-EECA-4A0A-95EE-FB375FFA0BD7}.Debug|Any CPU.Build.0 = Debug|Any CPU
		{2978CBF9-EECA-4A0A-95EE-FB375FFA0BD7}.Release|Any CPU.ActiveCfg = Release|Any CPU
		{2978CBF9-EECA-4A0A-95EE-FB375FFA0BD7}.Release|Any CPU.Build.0 = Release|Any CPU
	EndGlobalSection
	GlobalSection(SolutionProperties) = preSolution
		HideSolutionNode = FALSE
	EndGlobalSection
	GlobalSection(ExtensibilityGlobals) = postSolution
		SolutionGuid = {DF83ADB5-1A0E-4AA3-A4E8-2BA116AA1092}
	EndGlobalSection
EndGlobal
